// !$*UTF8*$!
{
	archiveVersion = 1;
	classes = {
	};
	objectVersion = 50;
	objects = {

/* Begin PBXBuildFile section */
		9B3084DE24673D8900DBE865 /* Forecast.swift in Sources */ = {isa = PBXBuildFile; fileRef = 9B3084DD24673D8900DBE865 /* Forecast.swift */; };
		9B3084E024673FED00DBE865 /* Service.swift in Sources */ = {isa = PBXBuildFile; fileRef = 9B3084DF24673FED00DBE865 /* Service.swift */; };
		9B3084E32467412400DBE865 /* ForecastViewModel.swift in Sources */ = {isa = PBXBuildFile; fileRef = 9B3084E22467412400DBE865 /* ForecastViewModel.swift */; };
		9B3084E52467468500DBE865 /* TopView.swift in Sources */ = {isa = PBXBuildFile; fileRef = 9B3084E42467468500DBE865 /* TopView.swift */; };
		9B3084E72467480800DBE865 /* MidView.swift in Sources */ = {isa = PBXBuildFile; fileRef = 9B3084E62467480800DBE865 /* MidView.swift */; };
		9B3084E92467490500DBE865 /* Helper.swift in Sources */ = {isa = PBXBuildFile; fileRef = 9B3084E82467490500DBE865 /* Helper.swift */; };
		9B3084EB24674BDC00DBE865 /* TempView.swift in Sources */ = {isa = PBXBuildFile; fileRef = 9B3084EA24674BDC00DBE865 /* TempView.swift */; };
		9B87B427246753BA005DEDB8 /* DayView.swift in Sources */ = {isa = PBXBuildFile; fileRef = 9B87B426246753BA005DEDB8 /* DayView.swift */; };
		9B9531712467393800546659 /* AppDelegate.swift in Sources */ = {isa = PBXBuildFile; fileRef = 9B9531702467393800546659 /* AppDelegate.swift */; };
		9B9531732467393800546659 /* SceneDelegate.swift in Sources */ = {isa = PBXBuildFile; fileRef = 9B9531722467393800546659 /* SceneDelegate.swift */; };
		9B9531762467393800546659 /* Weather_Forecast.xcdatamodeld in Sources */ = {isa = PBXBuildFile; fileRef = 9B9531742467393800546659 /* Weather_Forecast.xcdatamodeld */; };
		9B9531782467393800546659 /* ContentView.swift in Sources */ = {isa = PBXBuildFile; fileRef = 9B9531772467393800546659 /* ContentView.swift */; };
		9B95317A2467393A00546659 /* Assets.xcassets in Resources */ = {isa = PBXBuildFile; fileRef = 9B9531792467393A00546659 /* Assets.xcassets */; };
		9B95317D2467393A00546659 /* Preview Assets.xcassets in Resources */ = {isa = PBXBuildFile; fileRef = 9B95317C2467393A00546659 /* Preview Assets.xcassets */; };
		9B9531802467393A00546659 /* LaunchScreen.storyboard in Resources */ = {isa = PBXBuildFile; fileRef = 9B95317E2467393A00546659 /* LaunchScreen.storyboard */; };
		9B95318B2467393A00546659 /* Weather_ForecastTests.swift in Sources */ = {isa = PBXBuildFile; fileRef = 9B95318A2467393A00546659 /* Weather_ForecastTests.swift */; };
		9B9531962467393B00546659 /* Weather_ForecastUITests.swift in Sources */ = {isa = PBXBuildFile; fileRef = 9B9531952467393B00546659 /* Weather_ForecastUITests.swift */; };
		9B9531A7246739D100546659 /* ColorExtension.swift in Sources */ = {isa = PBXBuildFile; fileRef = 9B9531A6246739D100546659 /* ColorExtension.swift */; };
		9B9531AC24673B6100546659 /* BackSplash.swift in Sources */ = {isa = PBXBuildFile; fileRef = 9B9531AB24673B6100546659 /* BackSplash.swift */; };
/* End PBXBuildFile section */

/* Begin PBXContainerItemProxy section */
		9B9531872467393A00546659 /* PBXContainerItemProxy */ = {
			isa = PBXContainerItemProxy;
			containerPortal = 9B9531652467393700546659 /* Project object */;
			proxyType = 1;
			remoteGlobalIDString = 9B95316C2467393700546659;
			remoteInfo = "Weather Forecast";
		};
		9B9531922467393B00546659 /* PBXContainerItemProxy */ = {
			isa = PBXContainerItemProxy;
			containerPortal = 9B9531652467393700546659 /* Project object */;
			proxyType = 1;
			remoteGlobalIDString = 9B95316C2467393700546659;
			remoteInfo = "Weather Forecast";
		};
/* End PBXContainerItemProxy section */

/* Begin PBXFileReference section */
		9B3084DD24673D8900DBE865 /* Forecast.swift */ = {isa = PBXFileReference; lastKnownFileType = sourcecode.swift; path = Forecast.swift; sourceTree = "<group>"; };
		9B3084DF24673FED00DBE865 /* Service.swift */ = {isa = PBXFileReference; lastKnownFileType = sourcecode.swift; path = Service.swift; sourceTree = "<group>"; };
		9B3084E22467412400DBE865 /* ForecastViewModel.swift */ = {isa = PBXFileReference; lastKnownFileType = sourcecode.swift; path = ForecastViewModel.swift; sourceTree = "<group>"; };
		9B3084E42467468500DBE865 /* TopView.swift */ = {isa = PBXFileReference; lastKnownFileType = sourcecode.swift; path = TopView.swift; sourceTree = "<group>"; };
		9B3084E62467480800DBE865 /* MidView.swift */ = {isa = PBXFileReference; lastKnownFileType = sourcecode.swift; path = MidView.swift; sourceTree = "<group>"; };
		9B3084E82467490500DBE865 /* Helper.swift */ = {isa = PBXFileReference; lastKnownFileType = sourcecode.swift; path = Helper.swift; sourceTree = "<group>"; };
		9B3084EA24674BDC00DBE865 /* TempView.swift */ = {isa = PBXFileReference; lastKnownFileType = sourcecode.swift; path = TempView.swift; sourceTree = "<group>"; };
		9B87B426246753BA005DEDB8 /* DayView.swift */ = {isa = PBXFileReference; lastKnownFileType = sourcecode.swift; path = DayView.swift; sourceTree = "<group>"; };
		9B95316D2467393800546659 /* Weather Forecast.app */ = {isa = PBXFileReference; explicitFileType = wrapper.application; includeInIndex = 0; path = "Weather Forecast.app"; sourceTree = BUILT_PRODUCTS_DIR; };
		9B9531702467393800546659 /* AppDelegate.swift */ = {isa = PBXFileReference; lastKnownFileType = sourcecode.swift; path = AppDelegate.swift; sourceTree = "<group>"; };
		9B9531722467393800546659 /* SceneDelegate.swift */ = {isa = PBXFileReference; lastKnownFileType = sourcecode.swift; path = SceneDelegate.swift; sourceTree = "<group>"; };
		9B9531752467393800546659 /* Weather_Forecast.xcdatamodel */ = {isa = PBXFileReference; lastKnownFileType = wrapper.xcdatamodel; path = Weather_Forecast.xcdatamodel; sourceTree = "<group>"; };
		9B9531772467393800546659 /* ContentView.swift */ = {isa = PBXFileReference; lastKnownFileType = sourcecode.swift; path = ContentView.swift; sourceTree = "<group>"; };
		9B9531792467393A00546659 /* Assets.xcassets */ = {isa = PBXFileReference; lastKnownFileType = folder.assetcatalog; path = Assets.xcassets; sourceTree = "<group>"; };
		9B95317C2467393A00546659 /* Preview Assets.xcassets */ = {isa = PBXFileReference; lastKnownFileType = folder.assetcatalog; path = "Preview Assets.xcassets"; sourceTree = "<group>"; };
		9B95317F2467393A00546659 /* Base */ = {isa = PBXFileReference; lastKnownFileType = file.storyboard; name = Base; path = Base.lproj/LaunchScreen.storyboard; sourceTree = "<group>"; };
		9B9531812467393A00546659 /* Info.plist */ = {isa = PBXFileReference; lastKnownFileType = text.plist.xml; path = Info.plist; sourceTree = "<group>"; };
		9B9531862467393A00546659 /* Weather ForecastTests.xctest */ = {isa = PBXFileReference; explicitFileType = wrapper.cfbundle; includeInIndex = 0; path = "Weather ForecastTests.xctest"; sourceTree = BUILT_PRODUCTS_DIR; };
		9B95318A2467393A00546659 /* Weather_ForecastTests.swift */ = {isa = PBXFileReference; lastKnownFileType = sourcecode.swift; path = Weather_ForecastTests.swift; sourceTree = "<group>"; };
		9B95318C2467393A00546659 /* Info.plist */ = {isa = PBXFileReference; lastKnownFileType = text.plist.xml; path = Info.plist; sourceTree = "<group>"; };
		9B9531912467393B00546659 /* Weather ForecastUITests.xctest */ = {isa = PBXFileReference; explicitFileType = wrapper.cfbundle; includeInIndex = 0; path = "Weather ForecastUITests.xctest"; sourceTree = BUILT_PRODUCTS_DIR; };
		9B9531952467393B00546659 /* Weather_ForecastUITests.swift */ = {isa = PBXFileReference; lastKnownFileType = sourcecode.swift; path = Weather_ForecastUITests.swift; sourceTree = "<group>"; };
		9B9531972467393B00546659 /* Info.plist */ = {isa = PBXFileReference; lastKnownFileType = text.plist.xml; path = Info.plist; sourceTree = "<group>"; };
		9B9531A6246739D100546659 /* ColorExtension.swift */ = {isa = PBXFileReference; lastKnownFileType = sourcecode.swift; path = ColorExtension.swift; sourceTree = "<group>"; };
		9B9531AB24673B6100546659 /* BackSplash.swift */ = {isa = PBXFileReference; lastKnownFileType = sourcecode.swift; path = BackSplash.swift; sourceTree = "<group>"; };
/* End PBXFileReference section */

/* Begin PBXFrameworksBuildPhase section */
		9B95316A2467393700546659 /* Frameworks */ = {
			isa = PBXFrameworksBuildPhase;
			buildActionMask = 2147483647;
			files = (
			);
			runOnlyForDeploymentPostprocessing = 0;
		};
		9B9531832467393A00546659 /* Frameworks */ = {
			isa = PBXFrameworksBuildPhase;
			buildActionMask = 2147483647;
			files = (
			);
			runOnlyForDeploymentPostprocessing = 0;
		};
		9B95318E2467393B00546659 /* Frameworks */ = {
			isa = PBXFrameworksBuildPhase;
			buildActionMask = 2147483647;
			files = (
			);
			runOnlyForDeploymentPostprocessing = 0;
		};
/* End PBXFrameworksBuildPhase section */

/* Begin PBXGroup section */
		9B3084E12467411600DBE865 /* View Model */ = {
			isa = PBXGroup;
			children = (
				9B3084E22467412400DBE865 /* ForecastViewModel.swift */,
			);
			path = "View Model";
			sourceTree = "<group>";
		};
		9B9531642467393700546659 = {
			isa = PBXGroup;
			children = (
				9B95316F2467393800546659 /* Weather Forecast */,
				9B9531892467393A00546659 /* Weather ForecastTests */,
				9B9531942467393B00546659 /* Weather ForecastUITests */,
				9B95316E2467393800546659 /* Products */,
			);
			sourceTree = "<group>";
		};
		9B95316E2467393800546659 /* Products */ = {
			isa = PBXGroup;
			children = (
				9B95316D2467393800546659 /* Weather Forecast.app */,
				9B9531862467393A00546659 /* Weather ForecastTests.xctest */,
				9B9531912467393B00546659 /* Weather ForecastUITests.xctest */,
			);
			name = Products;
			sourceTree = "<group>";
		};
		9B95316F2467393800546659 /* Weather Forecast */ = {
			isa = PBXGroup;
			children = (
				9B3084E12467411600DBE865 /* View Model */,
				9B9531AA24673B2E00546659 /* Data */,
				9B9531A924673B1F00546659 /* Services */,
				9B9531A824673B1900546659 /* Helper */,
				9B9531A5246739BF00546659 /* Model */,
				9B9531A4246739BB00546659 /* View */,
				9B9531A3246739B400546659 /* Extension */,
				9B9531702467393800546659 /* AppDelegate.swift */,
				9B9531722467393800546659 /* SceneDelegate.swift */,
				9B9531792467393A00546659 /* Assets.xcassets */,
				9B95317E2467393A00546659 /* LaunchScreen.storyboard */,
				9B9531812467393A00546659 /* Info.plist */,
				9B9531742467393800546659 /* Weather_Forecast.xcdatamodeld */,
				9B95317B2467393A00546659 /* Preview Content */,
			);
			path = "Weather Forecast";
			sourceTree = "<group>";
		};
		9B95317B2467393A00546659 /* Preview Content */ = {
			isa = PBXGroup;
			children = (
				9B95317C2467393A00546659 /* Preview Assets.xcassets */,
			);
			path = "Preview Content";
			sourceTree = "<group>";
		};
		9B9531892467393A00546659 /* Weather ForecastTests */ = {
			isa = PBXGroup;
			children = (
				9B95318A2467393A00546659 /* Weather_ForecastTests.swift */,
				9B95318C2467393A00546659 /* Info.plist */,
			);
			path = "Weather ForecastTests";
			sourceTree = "<group>";
		};
		9B9531942467393B00546659 /* Weather ForecastUITests */ = {
			isa = PBXGroup;
			children = (
				9B9531952467393B00546659 /* Weather_ForecastUITests.swift */,
				9B9531972467393B00546659 /* Info.plist */,
			);
			path = "Weather ForecastUITests";
			sourceTree = "<group>";
		};
		9B9531A3246739B400546659 /* Extension */ = {
			isa = PBXGroup;
			children = (
				9B9531A6246739D100546659 /* ColorExtension.swift */,
			);
			path = Extension;
			sourceTree = "<group>";
		};
		9B9531A4246739BB00546659 /* View */ = {
			isa = PBXGroup;
			children = (
				9B9531AB24673B6100546659 /* BackSplash.swift */,
				9B9531772467393800546659 /* ContentView.swift */,
				9B3084E42467468500DBE865 /* TopView.swift */,
				9B3084E62467480800DBE865 /* MidView.swift */,
				9B3084EA24674BDC00DBE865 /* TempView.swift */,
				9B87B426246753BA005DEDB8 /* DayView.swift */,
			);
			path = View;
			sourceTree = "<group>";
		};
		9B9531A5246739BF00546659 /* Model */ = {
			isa = PBXGroup;
			children = (
				9B3084DD24673D8900DBE865 /* Forecast.swift */,
			);
			path = Model;
			sourceTree = "<group>";
		};
		9B9531A824673B1900546659 /* Helper */ = {
			isa = PBXGroup;
			children = (
				9B3084E82467490500DBE865 /* Helper.swift */,
			);
			path = Helper;
			sourceTree = "<group>";
		};
		9B9531A924673B1F00546659 /* Services */ = {
			isa = PBXGroup;
			children = (
				9B3084DF24673FED00DBE865 /* Service.swift */,
			);
			path = Services;
			sourceTree = "<group>";
		};
		9B9531AA24673B2E00546659 /* Data */ = {
			isa = PBXGroup;
			children = (
			);
			path = Data;
			sourceTree = "<group>";
		};
/* End PBXGroup section */

/* Begin PBXNativeTarget section */
		9B95316C2467393700546659 /* Weather Forecast */ = {
			isa = PBXNativeTarget;
			buildConfigurationList = 9B95319A2467393B00546659 /* Build configuration list for PBXNativeTarget "Weather Forecast" */;
			buildPhases = (
				9B9531692467393700546659 /* Sources */,
				9B95316A2467393700546659 /* Frameworks */,
				9B95316B2467393700546659 /* Resources */,
			);
			buildRules = (
			);
			dependencies = (
			);
			name = "Weather Forecast";
			productName = "Weather Forecast";
			productReference = 9B95316D2467393800546659 /* Weather Forecast.app */;
			productType = "com.apple.product-type.application";
		};
		9B9531852467393A00546659 /* Weather ForecastTests */ = {
			isa = PBXNativeTarget;
			buildConfigurationList = 9B95319D2467393B00546659 /* Build configuration list for PBXNativeTarget "Weather ForecastTests" */;
			buildPhases = (
				9B9531822467393A00546659 /* Sources */,
				9B9531832467393A00546659 /* Frameworks */,
				9B9531842467393A00546659 /* Resources */,
			);
			buildRules = (
			);
			dependencies = (
				9B9531882467393A00546659 /* PBXTargetDependency */,
			);
			name = "Weather ForecastTests";
			productName = "Weather ForecastTests";
			productReference = 9B9531862467393A00546659 /* Weather ForecastTests.xctest */;
			productType = "com.apple.product-type.bundle.unit-test";
		};
		9B9531902467393B00546659 /* Weather ForecastUITests */ = {
			isa = PBXNativeTarget;
			buildConfigurationList = 9B9531A02467393B00546659 /* Build configuration list for PBXNativeTarget "Weather ForecastUITests" */;
			buildPhases = (
				9B95318D2467393B00546659 /* Sources */,
				9B95318E2467393B00546659 /* Frameworks */,
				9B95318F2467393B00546659 /* Resources */,
			);
			buildRules = (
			);
			dependencies = (
				9B9531932467393B00546659 /* PBXTargetDependency */,
			);
			name = "Weather ForecastUITests";
			productName = "Weather ForecastUITests";
			productReference = 9B9531912467393B00546659 /* Weather ForecastUITests.xctest */;
			productType = "com.apple.product-type.bundle.ui-testing";
		};
/* End PBXNativeTarget section */

/* Begin PBXProject section */
		9B9531652467393700546659 /* Project object */ = {
			isa = PBXProject;
			attributes = {
				LastSwiftUpdateCheck = 1140;
				LastUpgradeCheck = 1140;
				ORGANIZATIONNAME = "Michael Craun";
				TargetAttributes = {
					9B95316C2467393700546659 = {
						CreatedOnToolsVersion = 11.4.1;
					};
					9B9531852467393A00546659 = {
						CreatedOnToolsVersion = 11.4.1;
						TestTargetID = 9B95316C2467393700546659;
					};
					9B9531902467393B00546659 = {
						CreatedOnToolsVersion = 11.4.1;
						TestTargetID = 9B95316C2467393700546659;
					};
				};
			};
			buildConfigurationList = 9B9531682467393700546659 /* Build configuration list for PBXProject "Weather Forecast" */;
			compatibilityVersion = "Xcode 9.3";
			developmentRegion = en;
			hasScannedForEncodings = 0;
			knownRegions = (
				en,
				Base,
			);
			mainGroup = 9B9531642467393700546659;
			productRefGroup = 9B95316E2467393800546659 /* Products */;
			projectDirPath = "";
			projectRoot = "";
			targets = (
				9B95316C2467393700546659 /* Weather Forecast */,
				9B9531852467393A00546659 /* Weather ForecastTests */,
				9B9531902467393B00546659 /* Weather ForecastUITests */,
			);
		};
/* End PBXProject section */

/* Begin PBXResourcesBuildPhase section */
		9B95316B2467393700546659 /* Resources */ = {
			isa = PBXResourcesBuildPhase;
			buildActionMask = 2147483647;
			files = (
				9B9531802467393A00546659 /* LaunchScreen.storyboard in Resources */,
				9B95317D2467393A00546659 /* Preview Assets.xcassets in Resources */,
				9B95317A2467393A00546659 /* Assets.xcassets in Resources */,
			);
			runOnlyForDeploymentPostprocessing = 0;
		};
		9B9531842467393A00546659 /* Resources */ = {
			isa = PBXResourcesBuildPhase;
			buildActionMask = 2147483647;
			files = (
			);
			runOnlyForDeploymentPostprocessing = 0;
		};
		9B95318F2467393B00546659 /* Resources */ = {
			isa = PBXResourcesBuildPhase;
			buildActionMask = 2147483647;
			files = (
			);
			runOnlyForDeploymentPostprocessing = 0;
		};
/* End PBXResourcesBuildPhase section */

/* Begin PBXSourcesBuildPhase section */
		9B9531692467393700546659 /* Sources */ = {
			isa = PBXSourcesBuildPhase;
			buildActionMask = 2147483647;
			files = (
				9B9531712467393800546659 /* AppDelegate.swift in Sources */,
				9B3084E024673FED00DBE865 /* Service.swift in Sources */,
				9B3084E32467412400DBE865 /* ForecastViewModel.swift in Sources */,
				9B9531732467393800546659 /* SceneDelegate.swift in Sources */,
				9B9531782467393800546659 /* ContentView.swift in Sources */,
				9B3084E72467480800DBE865 /* MidView.swift in Sources */,
				9B3084EB24674BDC00DBE865 /* TempView.swift in Sources */,
				9B87B427246753BA005DEDB8 /* DayView.swift in Sources */,
				9B9531AC24673B6100546659 /* BackSplash.swift in Sources */,
				9B3084E52467468500DBE865 /* TopView.swift in Sources */,
				9B9531762467393800546659 /* Weather_Forecast.xcdatamodeld in Sources */,
				9B9531A7246739D100546659 /* ColorExtension.swift in Sources */,
				9B3084DE24673D8900DBE865 /* Forecast.swift in Sources */,
				9B3084E92467490500DBE865 /* Helper.swift in Sources */,
			);
			runOnlyForDeploymentPostprocessing = 0;
		};
		9B9531822467393A00546659 /* Sources */ = {
			isa = PBXSourcesBuildPhase;
			buildActionMask = 2147483647;
			files = (
				9B95318B2467393A00546659 /* Weather_ForecastTests.swift in Sources */,
			);
			runOnlyForDeploymentPostprocessing = 0;
		};
		9B95318D2467393B00546659 /* Sources */ = {
			isa = PBXSourcesBuildPhase;
			buildActionMask = 2147483647;
			files = (
				9B9531962467393B00546659 /* Weather_ForecastUITests.swift in Sources */,
			);
			runOnlyForDeploymentPostprocessing = 0;
		};
/* End PBXSourcesBuildPhase section */

/* Begin PBXTargetDependency section */
		9B9531882467393A00546659 /* PBXTargetDependency */ = {
			isa = PBXTargetDependency;
			target = 9B95316C2467393700546659 /* Weather Forecast */;
			targetProxy = 9B9531872467393A00546659 /* PBXContainerItemProxy */;
		};
		9B9531932467393B00546659 /* PBXTargetDependency */ = {
			isa = PBXTargetDependency;
			target = 9B95316C2467393700546659 /* Weather Forecast */;
			targetProxy = 9B9531922467393B00546659 /* PBXContainerItemProxy */;
		};
/* End PBXTargetDependency section */

/* Begin PBXVariantGroup section */
		9B95317E2467393A00546659 /* LaunchScreen.storyboard */ = {
			isa = PBXVariantGroup;
			children = (
				9B95317F2467393A00546659 /* Base */,
			);
			name = LaunchScreen.storyboard;
			sourceTree = "<group>";
		};
/* End PBXVariantGroup section */

/* Begin XCBuildConfiguration section */
		9B9531982467393B00546659 /* Debug */ = {
			isa = XCBuildConfiguration;
			buildSettings = {
				ALWAYS_SEARCH_USER_PATHS = NO;
				CLANG_ANALYZER_NONNULL = YES;
				CLANG_ANALYZER_NUMBER_OBJECT_CONVERSION = YES_AGGRESSIVE;
				CLANG_CXX_LANGUAGE_STANDARD = "gnu++14";
				CLANG_CXX_LIBRARY = "libc++";
				CLANG_ENABLE_MODULES = YES;
				CLANG_ENABLE_OBJC_ARC = YES;
				CLANG_ENABLE_OBJC_WEAK = YES;
				CLANG_WARN_BLOCK_CAPTURE_AUTORELEASING = YES;
				CLANG_WARN_BOOL_CONVERSION = YES;
				CLANG_WARN_COMMA = YES;
				CLANG_WARN_CONSTANT_CONVERSION = YES;
				CLANG_WARN_DEPRECATED_OBJC_IMPLEMENTATIONS = YES;
				CLANG_WARN_DIRECT_OBJC_ISA_USAGE = YES_ERROR;
				CLANG_WARN_DOCUMENTATION_COMMENTS = YES;
				CLANG_WARN_EMPTY_BODY = YES;
				CLANG_WARN_ENUM_CONVERSION = YES;
				CLANG_WARN_INFINITE_RECURSION = YES;
				CLANG_WARN_INT_CONVERSION = YES;
				CLANG_WARN_NON_LITERAL_NULL_CONVERSION = YES;
				CLANG_WARN_OBJC_IMPLICIT_RETAIN_SELF = YES;
				CLANG_WARN_OBJC_LITERAL_CONVERSION = YES;
				CLANG_WARN_OBJC_ROOT_CLASS = YES_ERROR;
				CLANG_WARN_RANGE_LOOP_ANALYSIS = YES;
				CLANG_WARN_STRICT_PROTOTYPES = YES;
				CLANG_WARN_SUSPICIOUS_MOVE = YES;
				CLANG_WARN_UNGUARDED_AVAILABILITY = YES_AGGRESSIVE;
				CLANG_WARN_UNREACHABLE_CODE = YES;
				CLANG_WARN__DUPLICATE_METHOD_MATCH = YES;
				COPY_PHASE_STRIP = NO;
				DEBUG_INFORMATION_FORMAT = dwarf;
				ENABLE_STRICT_OBJC_MSGSEND = YES;
				ENABLE_TESTABILITY = YES;
				GCC_C_LANGUAGE_STANDARD = gnu11;
				GCC_DYNAMIC_NO_PIC = NO;
				GCC_NO_COMMON_BLOCKS = YES;
				GCC_OPTIMIZATION_LEVEL = 0;
				GCC_PREPROCESSOR_DEFINITIONS = (
					"DEBUG=1",
					"$(inherited)",
				);
				GCC_WARN_64_TO_32_BIT_CONVERSION = YES;
				GCC_WARN_ABOUT_RETURN_TYPE = YES_ERROR;
				GCC_WARN_UNDECLARED_SELECTOR = YES;
				GCC_WARN_UNINITIALIZED_AUTOS = YES_AGGRESSIVE;
				GCC_WARN_UNUSED_FUNCTION = YES;
				GCC_WARN_UNUSED_VARIABLE = YES;
				IPHONEOS_DEPLOYMENT_TARGET = 13.4;
				MTL_ENABLE_DEBUG_INFO = INCLUDE_SOURCE;
				MTL_FAST_MATH = YES;
				ONLY_ACTIVE_ARCH = YES;
				SDKROOT = iphoneos;
				SWIFT_ACTIVE_COMPILATION_CONDITIONS = DEBUG;
				SWIFT_OPTIMIZATION_LEVEL = "-Onone";
			};
			name = Debug;
		};
		9B9531992467393B00546659 /* Release */ = {
			isa = XCBuildConfiguration;
			buildSettings = {
				ALWAYS_SEARCH_USER_PATHS = NO;
				CLANG_ANALYZER_NONNULL = YES;
				CLANG_ANALYZER_NUMBER_OBJECT_CONVERSION = YES_AGGRESSIVE;
				CLANG_CXX_LANGUAGE_STANDARD = "gnu++14";
				CLANG_CXX_LIBRARY = "libc++";
				CLANG_ENABLE_MODULES = YES;
				CLANG_ENABLE_OBJC_ARC = YES;
				CLANG_ENABLE_OBJC_WEAK = YES;
				CLANG_WARN_BLOCK_CAPTURE_AUTORELEASING = YES;
				CLANG_WARN_BOOL_CONVERSION = YES;
				CLANG_WARN_COMMA = YES;
				CLANG_WARN_CONSTANT_CONVERSION = YES;
				CLANG_WARN_DEPRECATED_OBJC_IMPLEMENTATIONS = YES;
				CLANG_WARN_DIRECT_OBJC_ISA_USAGE = YES_ERROR;
				CLANG_WARN_DOCUMENTATION_COMMENTS = YES;
				CLANG_WARN_EMPTY_BODY = YES;
				CLANG_WARN_ENUM_CONVERSION = YES;
				CLANG_WARN_INFINITE_RECURSION = YES;
				CLANG_WARN_INT_CONVERSION = YES;
				CLANG_WARN_NON_LITERAL_NULL_CONVERSION = YES;
				CLANG_WARN_OBJC_IMPLICIT_RETAIN_SELF = YES;
				CLANG_WARN_OBJC_LITERAL_CONVERSION = YES;
				CLANG_WARN_OBJC_ROOT_CLASS = YES_ERROR;
				CLANG_WARN_RANGE_LOOP_ANALYSIS = YES;
				CLANG_WARN_STRICT_PROTOTYPES = YES;
				CLANG_WARN_SUSPICIOUS_MOVE = YES;
				CLANG_WARN_UNGUARDED_AVAILABILITY = YES_AGGRESSIVE;
				CLANG_WARN_UNREACHABLE_CODE = YES;
				CLANG_WARN__DUPLICATE_METHOD_MATCH = YES;
				COPY_PHASE_STRIP = NO;
				DEBUG_INFORMATION_FORMAT = "dwarf-with-dsym";
				ENABLE_NS_ASSERTIONS = NO;
				ENABLE_STRICT_OBJC_MSGSEND = YES;
				GCC_C_LANGUAGE_STANDARD = gnu11;
				GCC_NO_COMMON_BLOCKS = YES;
				GCC_WARN_64_TO_32_BIT_CONVERSION = YES;
				GCC_WARN_ABOUT_RETURN_TYPE = YES_ERROR;
				GCC_WARN_UNDECLARED_SELECTOR = YES;
				GCC_WARN_UNINITIALIZED_AUTOS = YES_AGGRESSIVE;
				GCC_WARN_UNUSED_FUNCTION = YES;
				GCC_WARN_UNUSED_VARIABLE = YES;
				IPHONEOS_DEPLOYMENT_TARGET = 13.4;
				MTL_ENABLE_DEBUG_INFO = NO;
				MTL_FAST_MATH = YES;
				SDKROOT = iphoneos;
				SWIFT_COMPILATION_MODE = wholemodule;
				SWIFT_OPTIMIZATION_LEVEL = "-O";
				VALIDATE_PRODUCT = YES;
			};
			name = Release;
		};
		9B95319B2467393B00546659 /* Debug */ = {
			isa = XCBuildConfiguration;
			buildSettings = {
				ASSETCATALOG_COMPILER_APPICON_NAME = AppIcon;
				CODE_SIGN_STYLE = Automatic;
				DEVELOPMENT_ASSET_PATHS = "\"Weather Forecast/Preview Content\"";
				DEVELOPMENT_TEAM = 96SB47X67B;
				ENABLE_PREVIEWS = YES;
				INFOPLIST_FILE = "Weather Forecast/Info.plist";
				LD_RUNPATH_SEARCH_PATHS = (
					"$(inherited)",
					"@executable_path/Frameworks",
				);
				PRODUCT_BUNDLE_IDENTIFIER = "com.craunicproductions.Weather-Forecast";
				PRODUCT_NAME = "$(TARGET_NAME)";
				SWIFT_VERSION = 5.0;
				TARGETED_DEVICE_FAMILY = "1,2";
			};
			name = Debug;
		};
		9B95319C2467393B00546659 /* Release */ = {
			isa = XCBuildConfiguration;
			buildSettings = {
				ASSETCATALOG_COMPILER_APPICON_NAME = AppIcon;
				CODE_SIGN_STYLE = Automatic;
				DEVELOPMENT_ASSET_PATHS = "\"Weather Forecast/Preview Content\"";
				DEVELOPMENT_TEAM = 96SB47X67B;
				ENABLE_PREVIEWS = YES;
				INFOPLIST_FILE = "Weather Forecast/Info.plist";
				LD_RUNPATH_SEARCH_PATHS = (
					"$(inherited)",
					"@executable_path/Frameworks",
				);
				PRODUCT_BUNDLE_IDENTIFIER = "com.craunicproductions.Weather-Forecast";
				PRODUCT_NAME = "$(TARGET_NAME)";
				SWIFT_VERSION = 5.0;
				TARGETED_DEVICE_FAMILY = "1,2";
			};
			name = Release;
		};
		9B95319E2467393B00546659 /* Debug */ = {
			isa = XCBuildConfiguration;
			buildSettings = {
				ALWAYS_EMBED_SWIFT_STANDARD_LIBRARIES = YES;
				BUNDLE_LOADER = "$(TEST_HOST)";
				CODE_SIGN_STYLE = Automatic;
				DEVELOPMENT_TEAM = 96SB47X67B;
				INFOPLIST_FILE = "Weather ForecastTests/Info.plist";
				IPHONEOS_DEPLOYMENT_TARGET = 13.4;
				LD_RUNPATH_SEARCH_PATHS = (
					"$(inherited)",
					"@executable_path/Frameworks",
					"@loader_path/Frameworks",
				);
				PRODUCT_BUNDLE_IDENTIFIER = "com.craunicproductions.Weather-ForecastTests";
				PRODUCT_NAME = "$(TARGET_NAME)";
				SWIFT_VERSION = 5.0;
				TARGETED_DEVICE_FAMILY = "1,2";
				TEST_HOST = "$(BUILT_PRODUCTS_DIR)/Weather Forecast.app/Weather Forecast";
			};
			name = Debug;
		};
		9B95319F2467393B00546659 /* Release */ = {
			isa = XCBuildConfiguration;
			buildSettings = {
				ALWAYS_EMBED_SWIFT_STANDARD_LIBRARIES = YES;
				BUNDLE_LOADER = "$(TEST_HOST)";
				CODE_SIGN_STYLE = Automatic;
				DEVELOPMENT_TEAM = 96SB47X67B;
				INFOPLIST_FILE = "Weather ForecastTests/Info.plist";
				IPHONEOS_DEPLOYMENT_TARGET = 13.4;
				LD_RUNPATH_SEARCH_PATHS = (
					"$(inherited)",
					"@executable_path/Frameworks",
					"@loader_path/Frameworks",
				);
				PRODUCT_BUNDLE_IDENTIFIER = "com.craunicproductions.Weather-ForecastTests";
				PRODUCT_NAME = "$(TARGET_NAME)";
				SWIFT_VERSION = 5.0;
				TARGETED_DEVICE_FAMILY = "1,2";
				TEST_HOST = "$(BUILT_PRODUCTS_DIR)/Weather Forecast.app/Weather Forecast";
			};
			name = Release;
		};
		9B9531A12467393B00546659 /* Debug */ = {
			isa = XCBuildConfiguration;
			buildSettings = {
				ALWAYS_EMBED_SWIFT_STANDARD_LIBRARIES = YES;
				CODE_SIGN_STYLE = Automatic;
				DEVELOPMENT_TEAM = 96SB47X67B;
				INFOPLIST_FILE = "Weather ForecastUITests/Info.plist";
				LD_RUNPATH_SEARCH_PATHS = (
					"$(inherited)",
					"@executable_path/Frameworks",
					"@loader_path/Frameworks",
				);
				PRODUCT_BUNDLE_IDENTIFIER = "com.craunicproductions.Weather-ForecastUITests";
				PRODUCT_NAME = "$(TARGET_NAME)";
				SWIFT_VERSION = 5.0;
				TARGETED_DEVICE_FAMILY = "1,2";
				TEST_TARGET_NAME = "Weather Forecast";
			};
			name = Debug;
		};
		9B9531A22467393B00546659 /* Release */ = {
			isa = XCBuildConfiguration;
			buildSettings = {
				ALWAYS_EMBED_SWIFT_STANDARD_LIBRARIES = YES;
				CODE_SIGN_STYLE = Automatic;
				DEVELOPMENT_TEAM = 96SB47X67B;
				INFOPLIST_FILE = "Weather ForecastUITests/Info.plist";
				LD_RUNPATH_SEARCH_PATHS = (
					"$(inherited)",
					"@executable_path/Frameworks",
					"@loader_path/Frameworks",
				);
				PRODUCT_BUNDLE_IDENTIFIER = "com.craunicproductions.Weather-ForecastUITests";
				PRODUCT_NAME = "$(TARGET_NAME)";
				SWIFT_VERSION = 5.0;
				TARGETED_DEVICE_FAMILY = "1,2";
				TEST_TARGET_NAME = "Weather Forecast";
			};
			name = Release;
		};
/* End XCBuildConfiguration section */

/* Begin XCConfigurationList section */
		9B9531682467393700546659 /* Build configuration list for PBXProject "Weather Forecast" */ = {
			isa = XCConfigurationList;
			buildConfigurations = (
				9B9531982467393B00546659 /* Debug */,
				9B9531992467393B00546659 /* Release */,
			);
			defaultConfigurationIsVisible = 0;
			defaultConfigurationName = Release;
		};
		9B95319A2467393B00546659 /* Build configuration list for PBXNativeTarget "Weather Forecast" */ = {
			isa = XCConfigurationList;
			buildConfigurations = (
				9B95319B2467393B00546659 /* Debug */,
				9B95319C2467393B00546659 /* Release */,
			);
			defaultConfigurationIsVisible = 0;
			defaultConfigurationName = Release;
		};
		9B95319D2467393B00546659 /* Build configuration list for PBXNativeTarget "Weather ForecastTests" */ = {
			isa = XCConfigurationList;
			buildConfigurations = (
				9B95319E2467393B00546659 /* Debug */,
				9B95319F2467393B00546659 /* Release */,
			);
			defaultConfigurationIsVisible = 0;
			defaultConfigurationName = Release;
		};
		9B9531A02467393B00546659 /* Build configuration list for PBXNativeTarget "Weather ForecastUITests" */ = {
			isa = XCConfigurationList;
			buildConfigurations = (
				9B9531A12467393B00546659 /* Debug */,
				9B9531A22467393B00546659 /* Release */,
			);
			defaultConfigurationIsVisible = 0;
			defaultConfigurationName = Release;
		};
/* End XCConfigurationList section */

/* Begin XCVersionGroup section */
		9B9531742467393800546659 /* Weather_Forecast.xcdatamodeld */ = {
			isa = XCVersionGroup;
			children = (
				9B9531752467393800546659 /* Weather_Forecast.xcdatamodel */,
			);
			currentVersion = 9B9531752467393800546659 /* Weather_Forecast.xcdatamodel */;
			path = Weather_Forecast.xcdatamodeld;
			sourceTree = "<group>";
			versionGroupType = wrapper.xcdatamodel;
		};
/* End XCVersionGroup section */
	};
	rootObject = 9B9531652467393700546659 /* Project object */;
}
